
Microsoft Visual Studio Solution File, Format Version 12.00
# Visual Studio Version 16
VisualStudioVersion = 16.0.31515.178
MinimumVisualStudioVersion = 10.0.40219.1
Project("{F184B08F-C81C-45F6-A57F-5ABD9991F28F}") = "ZipDTO", "ZipDTO.vbproj", "{7DFF4F97-6516-4E36-94AE-2E4869E51821}"
EndProject
Global
	GlobalSection(SolutionConfigurationPlatforms) = preSolution
		Debug|Any CPU = Debug|Any CPU
		Release|Any CPU = Release|Any CPU
	EndGlobalSection
	GlobalSection(ProjectConfigurationPlatforms) = postSolution
		{7DFF4F97-6516-4E36-94AE-2E4869E51821}.Debug|Any CPU.ActiveCfg = Debug|Any CPU
		{7DFF4F97-6516-4E36-94AE-2E4869E51821}.Debug|Any CPU.Build.0 = Debug|Any CPU
		{7DFF4F97-6516-4E36-94AE-2E4869E51821}.Release|Any CPU.ActiveCfg = Release|Any CPU
		{7DFF4F97-6516-4E36-94AE-2E4869E51821}.Release|Any CPU.Build.0 = Release|Any CPU
	EndGlobalSection
	GlobalSection(SolutionProperties) = preSolution
		HideSolutionNode = FALSE
	EndGlobalSection
	GlobalSection(ExtensibilityGlobals) = postSolution
		SolutionGuid = {DB4F0DBC-0D47-4CC3-A649-129C89D3D55B}
	EndGlobalSection
EndGlobal
